
Microsoft Visual Studio Solution File, Format Version 12.00
# Visual Studio Version 16
VisualStudioVersion = 16.0.30907.101
MinimumVisualStudioVersion = 10.0.40219.1
Project("{9A19103F-16F7-4668-BE54-9A1E7A4F7556}") = "ChainOfResponsibilityApp", "ChainOfResponsibilityApp\ChainOfResponsibilityApp.csproj", "{D23BF8EC-6FC3-45BA-AAEB-CB1CDB66063E}"
EndProject
Project("{FAE04EC0-301F-11D3-BF4B-00C04F79EFBC}") = "PaymentProcessing", "PaymentProcessing\PaymentProcessing.csproj", "{CEDE6386-92BB-41C6-8758-B65795C8DB0D}"
EndProject
Project("{FAE04EC0-301F-11D3-BF4B-00C04F79EFBC}") = "ExistingLogging_and_Middlewares_Implementation", "ExistingLoggingImplementation\ExistingLogging_and_Middlewares_Implementation.csproj", "{D0E136F9-1E9C-4201-A755-A51777ADEAF6}"
EndProject
Global
	GlobalSection(SolutionConfigurationPlatforms) = preSolution
		Debug|Any CPU = Debug|Any CPU
		Release|Any CPU = Release|Any CPU
	EndGlobalSection
	GlobalSection(ProjectConfigurationPlatforms) = postSolution
		{D23BF8EC-6FC3-45BA-AAEB-CB1CDB66063E}.Debug|Any CPU.ActiveCfg = Debug|Any CPU
		{D23BF8EC-6FC3-45BA-AAEB-CB1CDB66063E}.Debug|Any CPU.Build.0 = Debug|Any CPU
		{D23BF8EC-6FC3-45BA-AAEB-CB1CDB66063E}.Release|Any CPU.ActiveCfg = Release|Any CPU
		{D23BF8EC-6FC3-45BA-AAEB-CB1CDB66063E}.Release|Any CPU.Build.0 = Release|Any CPU
		{CEDE6386-92BB-41C6-8758-B65795C8DB0D}.Debug|Any CPU.ActiveCfg = Debug|Any CPU
		{CEDE6386-92BB-41C6-8758-B65795C8DB0D}.Debug|Any CPU.Build.0 = Debug|Any CPU
		{CEDE6386-92BB-41C6-8758-B65795C8DB0D}.Release|Any CPU.ActiveCfg = Release|Any CPU
		{CEDE6386-92BB-41C6-8758-B65795C8DB0D}.Release|Any CPU.Build.0 = Release|Any CPU
		{D0E136F9-1E9C-4201-A755-A51777ADEAF6}.Debug|Any CPU.ActiveCfg = Debug|Any CPU
		{D0E136F9-1E9C-4201-A755-A51777ADEAF6}.Debug|Any CPU.Build.0 = Debug|Any CPU
		{D0E136F9-1E9C-4201-A755-A51777ADEAF6}.Release|Any CPU.ActiveCfg = Release|Any CPU
		{D0E136F9-1E9C-4201-A755-A51777ADEAF6}.Release|Any CPU.Build.0 = Release|Any CPU
	EndGlobalSection
	GlobalSection(SolutionProperties) = preSolution
		HideSolutionNode = FALSE
	EndGlobalSection
	GlobalSection(ExtensibilityGlobals) = postSolution
		SolutionGuid = {856CDEDC-16C9-44D8-8E3A-39BCFC76B9F0}
	EndGlobalSection
EndGlobal
